// !$*UTF8*$!
{
	archiveVersion = 1;
	classes = {
	};
	objectVersion = 56;
	objects = {

/* Begin PBXBuildFile section */
		3552512F29A7FA8200172BDF /* LaunchKitUI in Frameworks */ = {isa = PBXBuildFile; productRef = 3552512E29A7FA8200172BDF /* LaunchKitUI */; };
		97006D6429A7CDD300C69853 /* RocketLaunchesApp.swift in Sources */ = {isa = PBXBuildFile; fileRef = 97006D6329A7CDD300C69853 /* RocketLaunchesApp.swift */; };
		97006D6829A7CDD400C69853 /* Assets.xcassets in Resources */ = {isa = PBXBuildFile; fileRef = 97006D6729A7CDD400C69853 /* Assets.xcassets */; };
		97006D6B29A7CDD400C69853 /* Preview Assets.xcassets in Resources */ = {isa = PBXBuildFile; fileRef = 97006D6A29A7CDD400C69853 /* Preview Assets.xcassets */; };
		97006D7529A7CDD400C69853 /* RocketLaunchesTests.swift in Sources */ = {isa = PBXBuildFile; fileRef = 97006D7429A7CDD400C69853 /* RocketLaunchesTests.swift */; };
		97006D9029A7CE1600C69853 /* LaunchKit in Frameworks */ = {isa = PBXBuildFile; productRef = 97006D8F29A7CE1600C69853 /* LaunchKit */; };
/* End PBXBuildFile section */

/* Begin PBXContainerItemProxy section */
		97006D7129A7CDD400C69853 /* PBXContainerItemProxy */ = {
			isa = PBXContainerItemProxy;
			containerPortal = 97006D5829A7CDD300C69853 /* Project object */;
			proxyType = 1;
			remoteGlobalIDString = 97006D5F29A7CDD300C69853;
			remoteInfo = RocketLaunches;
		};
		97006D7B29A7CDD400C69853 /* PBXContainerItemProxy */ = {
			isa = PBXContainerItemProxy;
			containerPortal = 97006D5829A7CDD300C69853 /* Project object */;
			proxyType = 1;
			remoteGlobalIDString = 97006D5F29A7CDD300C69853;
			remoteInfo = RocketLaunches;
		};
/* End PBXContainerItemProxy section */

/* Begin PBXFileReference section */
		97006D6029A7CDD300C69853 /* RocketLaunches.app */ = {isa = PBXFileReference; explicitFileType = wrapper.application; includeInIndex = 0; path = RocketLaunches.app; sourceTree = BUILT_PRODUCTS_DIR; };
		97006D6329A7CDD300C69853 /* RocketLaunchesApp.swift */ = {isa = PBXFileReference; lastKnownFileType = sourcecode.swift; path = RocketLaunchesApp.swift; sourceTree = "<group>"; };
		97006D6729A7CDD400C69853 /* Assets.xcassets */ = {isa = PBXFileReference; lastKnownFileType = folder.assetcatalog; path = Assets.xcassets; sourceTree = "<group>"; };
		97006D6A29A7CDD400C69853 /* Preview Assets.xcassets */ = {isa = PBXFileReference; lastKnownFileType = folder.assetcatalog; path = "Preview Assets.xcassets"; sourceTree = "<group>"; };
		97006D7029A7CDD400C69853 /* RocketLaunchesTests.xctest */ = {isa = PBXFileReference; explicitFileType = wrapper.cfbundle; includeInIndex = 0; path = RocketLaunchesTests.xctest; sourceTree = BUILT_PRODUCTS_DIR; };
		97006D7429A7CDD400C69853 /* RocketLaunchesTests.swift */ = {isa = PBXFileReference; lastKnownFileType = sourcecode.swift; path = RocketLaunchesTests.swift; sourceTree = "<group>"; };
		97006D7A29A7CDD400C69853 /* RocketLaunchesUITests.xctest */ = {isa = PBXFileReference; explicitFileType = wrapper.cfbundle; includeInIndex = 0; path = RocketLaunchesUITests.xctest; sourceTree = BUILT_PRODUCTS_DIR; };
		97006D8D29A7CDFA00C69853 /* LaunchKit */ = {isa = PBXFileReference; lastKnownFileType = wrapper; path = LaunchKit; sourceTree = "<group>"; };
/* End PBXFileReference section */

/* Begin PBXFrameworksBuildPhase section */
		97006D5D29A7CDD300C69853 /* Frameworks */ = {
			isa = PBXFrameworksBuildPhase;
			buildActionMask = 2147483647;
			files = (
				3552512F29A7FA8200172BDF /* LaunchKitUI in Frameworks */,
				97006D9029A7CE1600C69853 /* LaunchKit in Frameworks */,
			);
			runOnlyForDeploymentPostprocessing = 0;
		};
		97006D6D29A7CDD400C69853 /* Frameworks */ = {
			isa = PBXFrameworksBuildPhase;
			buildActionMask = 2147483647;
			files = (
			);
			runOnlyForDeploymentPostprocessing = 0;
		};
		97006D7729A7CDD400C69853 /* Frameworks */ = {
			isa = PBXFrameworksBuildPhase;
			buildActionMask = 2147483647;
			files = (
			);
			runOnlyForDeploymentPostprocessing = 0;
		};
/* End PBXFrameworksBuildPhase section */

/* Begin PBXGroup section */
		97006D5729A7CDD300C69853 = {
			isa = PBXGroup;
			children = (
				97006D8D29A7CDFA00C69853 /* LaunchKit */,
				97006D6229A7CDD300C69853 /* RocketLaunches */,
				97006D7329A7CDD400C69853 /* RocketLaunchesTests */,
				97006D6129A7CDD300C69853 /* Products */,
				97006D8E29A7CE1200C69853 /* Frameworks */,
			);
			sourceTree = "<group>";
		};
		97006D6129A7CDD300C69853 /* Products */ = {
			isa = PBXGroup;
			children = (
				97006D6029A7CDD300C69853 /* RocketLaunches.app */,
				97006D7029A7CDD400C69853 /* RocketLaunchesTests.xctest */,
				97006D7A29A7CDD400C69853 /* RocketLaunchesUITests.xctest */,
			);
			name = Products;
			sourceTree = "<group>";
		};
		97006D6229A7CDD300C69853 /* RocketLaunches */ = {
			isa = PBXGroup;
			children = (
				97006D6329A7CDD300C69853 /* RocketLaunchesApp.swift */,
				97006D6729A7CDD400C69853 /* Assets.xcassets */,
				97006D6929A7CDD400C69853 /* Preview Content */,
			);
			path = RocketLaunches;
			sourceTree = "<group>";
		};
		97006D6929A7CDD400C69853 /* Preview Content */ = {
			isa = PBXGroup;
			children = (
				97006D6A29A7CDD400C69853 /* Preview Assets.xcassets */,
			);
			path = "Preview Content";
			sourceTree = "<group>";
		};
		97006D7329A7CDD400C69853 /* RocketLaunchesTests */ = {
			isa = PBXGroup;
			children = (
				97006D7429A7CDD400C69853 /* RocketLaunchesTests.swift */,
			);
			path = RocketLaunchesTests;
			sourceTree = "<group>";
		};
		97006D8E29A7CE1200C69853 /* Frameworks */ = {
			isa = PBXGroup;
			children = (
			);
			name = Frameworks;
			sourceTree = "<group>";
		};
/* End PBXGroup section */

/* Begin PBXNativeTarget section */
		97006D5F29A7CDD300C69853 /* RocketLaunches */ = {
			isa = PBXNativeTarget;
			buildConfigurationList = 97006D8429A7CDD400C69853 /* Build configuration list for PBXNativeTarget "RocketLaunches" */;
			buildPhases = (
				97006D5C29A7CDD300C69853 /* Sources */,
				97006D5D29A7CDD300C69853 /* Frameworks */,
				97006D5E29A7CDD300C69853 /* Resources */,
			);
			buildRules = (
			);
			dependencies = (
			);
			name = RocketLaunches;
			packageProductDependencies = (
				97006D8F29A7CE1600C69853 /* LaunchKit */,
				3552512E29A7FA8200172BDF /* LaunchKitUI */,
			);
			productName = RocketLaunches;
			productReference = 97006D6029A7CDD300C69853 /* RocketLaunches.app */;
			productType = "com.apple.product-type.application";
		};
		97006D6F29A7CDD400C69853 /* RocketLaunchesTests */ = {
			isa = PBXNativeTarget;
			buildConfigurationList = 97006D8729A7CDD400C69853 /* Build configuration list for PBXNativeTarget "RocketLaunchesTests" */;
			buildPhases = (
				97006D6C29A7CDD400C69853 /* Sources */,
				97006D6D29A7CDD400C69853 /* Frameworks */,
				97006D6E29A7CDD400C69853 /* Resources */,
			);
			buildRules = (
			);
			dependencies = (
				97006D7229A7CDD400C69853 /* PBXTargetDependency */,
			);
			name = RocketLaunchesTests;
			productName = RocketLaunchesTests;
			productReference = 97006D7029A7CDD400C69853 /* RocketLaunchesTests.xctest */;
			productType = "com.apple.product-type.bundle.unit-test";
		};
		97006D7929A7CDD400C69853 /* RocketLaunchesUITests */ = {
			isa = PBXNativeTarget;
			buildConfigurationList = 97006D8A29A7CDD400C69853 /* Build configuration list for PBXNativeTarget "RocketLaunchesUITests" */;
			buildPhases = (
				97006D7629A7CDD400C69853 /* Sources */,
				97006D7729A7CDD400C69853 /* Frameworks */,
				97006D7829A7CDD400C69853 /* Resources */,
			);
			buildRules = (
			);
			dependencies = (
				97006D7C29A7CDD400C69853 /* PBXTargetDependency */,
			);
			name = RocketLaunchesUITests;
			productName = RocketLaunchesUITests;
			productReference = 97006D7A29A7CDD400C69853 /* RocketLaunchesUITests.xctest */;
			productType = "com.apple.product-type.bundle.ui-testing";
		};
/* End PBXNativeTarget section */

/* Begin PBXProject section */
		97006D5829A7CDD300C69853 /* Project object */ = {
			isa = PBXProject;
			attributes = {
				BuildIndependentTargetsInParallel = 1;
				LastSwiftUpdateCheck = 1420;
				LastUpgradeCheck = 1420;
				TargetAttributes = {
					97006D5F29A7CDD300C69853 = {
						CreatedOnToolsVersion = 14.2;
					};
					97006D6F29A7CDD400C69853 = {
						CreatedOnToolsVersion = 14.2;
						TestTargetID = 97006D5F29A7CDD300C69853;
					};
					97006D7929A7CDD400C69853 = {
						CreatedOnToolsVersion = 14.2;
						TestTargetID = 97006D5F29A7CDD300C69853;
					};
				};
			};
			buildConfigurationList = 97006D5B29A7CDD300C69853 /* Build configuration list for PBXProject "RocketLaunches" */;
			compatibilityVersion = "Xcode 14.0";
			developmentRegion = en;
			hasScannedForEncodings = 0;
			knownRegions = (
				en,
				Base,
			);
			mainGroup = 97006D5729A7CDD300C69853;
			productRefGroup = 97006D6129A7CDD300C69853 /* Products */;
			projectDirPath = "";
			projectRoot = "";
			targets = (
				97006D5F29A7CDD300C69853 /* RocketLaunches */,
				97006D6F29A7CDD400C69853 /* RocketLaunchesTests */,
				97006D7929A7CDD400C69853 /* RocketLaunchesUITests */,
			);
		};
/* End PBXProject section */

/* Begin PBXResourcesBuildPhase section */
		97006D5E29A7CDD300C69853 /* Resources */ = {
			isa = PBXResourcesBuildPhase;
			buildActionMask = 2147483647;
			files = (
				97006D6B29A7CDD400C69853 /* Preview Assets.xcassets in Resources */,
				97006D6829A7CDD400C69853 /* Assets.xcassets in Resources */,
			);
			runOnlyForDeploymentPostprocessing = 0;
		};
		97006D6E29A7CDD400C69853 /* Resources */ = {
			isa = PBXResourcesBuildPhase;
			buildActionMask = 2147483647;
			files = (
			);
			runOnlyForDeploymentPostprocessing = 0;
		};
		97006D7829A7CDD400C69853 /* Resources */ = {
			isa = PBXResourcesBuildPhase;
			buildActionMask = 2147483647;
			files = (
			);
			runOnlyForDeploymentPostprocessing = 0;
		};
/* End PBXResourcesBuildPhase section */

/* Begin PBXSourcesBuildPhase section */
		97006D5C29A7CDD300C69853 /* Sources */ = {
			isa = PBXSourcesBuildPhase;
			buildActionMask = 2147483647;
			files = (
				97006D6429A7CDD300C69853 /* RocketLaunchesApp.swift in Sources */,
			);
			runOnlyForDeploymentPostprocessing = 0;
		};
		97006D6C29A7CDD400C69853 /* Sources */ = {
			isa = PBXSourcesBuildPhase;
			buildActionMask = 2147483647;
			files = (
				97006D7529A7CDD400C69853 /* RocketLaunchesTests.swift in Sources */,
			);
			runOnlyForDeploymentPostprocessing = 0;
		};
		97006D7629A7CDD400C69853 /* Sources */ = {
			isa = PBXSourcesBuildPhase;
			buildActionMask = 2147483647;
			files = (
			);
			runOnlyForDeploymentPostprocessing = 0;
		};
/* End PBXSourcesBuildPhase section */

/* Begin PBXTargetDependency section */
		97006D7229A7CDD400C69853 /* PBXTargetDependency */ = {
			isa = PBXTargetDependency;
			target = 97006D5F29A7CDD300C69853 /* RocketLaunches */;
			targetProxy = 97006D7129A7CDD400C69853 /* PBXContainerItemProxy */;
		};
		97006D7C29A7CDD400C69853 /* PBXTargetDependency */ = {
			isa = PBXTargetDependency;
			target = 97006D5F29A7CDD300C69853 /* RocketLaunches */;
			targetProxy = 97006D7B29A7CDD400C69853 /* PBXContainerItemProxy */;
		};
/* End PBXTargetDependency section */

/* Begin XCBuildConfiguration section */
		97006D8229A7CDD400C69853 /* Debug */ = {
			isa = XCBuildConfiguration;
			buildSettings = {
				ALWAYS_SEARCH_USER_PATHS = NO;
				CLANG_ANALYZER_NONNULL = YES;
				CLANG_ANALYZER_NUMBER_OBJECT_CONVERSION = YES_AGGRESSIVE;
				CLANG_CXX_LANGUAGE_STANDARD = "gnu++20";
				CLANG_ENABLE_MODULES = YES;
				CLANG_ENABLE_OBJC_ARC = YES;
				CLANG_ENABLE_OBJC_WEAK = YES;
				CLANG_WARN_BLOCK_CAPTURE_AUTORELEASING = YES;
				CLANG_WARN_BOOL_CONVERSION = YES;
				CLANG_WARN_COMMA = YES;
				CLANG_WARN_CONSTANT_CONVERSION = YES;
				CLANG_WARN_DEPRECATED_OBJC_IMPLEMENTATIONS = YES;
				CLANG_WARN_DIRECT_OBJC_ISA_USAGE = YES_ERROR;
				CLANG_WARN_DOCUMENTATION_COMMENTS = YES;
				CLANG_WARN_EMPTY_BODY = YES;
				CLANG_WARN_ENUM_CONVERSION = YES;
				CLANG_WARN_INFINITE_RECURSION = YES;
				CLANG_WARN_INT_CONVERSION = YES;
				CLANG_WARN_NON_LITERAL_NULL_CONVERSION = YES;
				CLANG_WARN_OBJC_IMPLICIT_RETAIN_SELF = YES;
				CLANG_WARN_OBJC_LITERAL_CONVERSION = YES;
				CLANG_WARN_OBJC_ROOT_CLASS = YES_ERROR;
				CLANG_WARN_QUOTED_INCLUDE_IN_FRAMEWORK_HEADER = YES;
				CLANG_WARN_RANGE_LOOP_ANALYSIS = YES;
				CLANG_WARN_STRICT_PROTOTYPES = YES;
				CLANG_WARN_SUSPICIOUS_MOVE = YES;
				CLANG_WARN_UNGUARDED_AVAILABILITY = YES_AGGRESSIVE;
				CLANG_WARN_UNREACHABLE_CODE = YES;
				CLANG_WARN__DUPLICATE_METHOD_MATCH = YES;
				COPY_PHASE_STRIP = NO;
				DEBUG_INFORMATION_FORMAT = dwarf;
				ENABLE_STRICT_OBJC_MSGSEND = YES;
				ENABLE_TESTABILITY = YES;
				GCC_C_LANGUAGE_STANDARD = gnu11;
				GCC_DYNAMIC_NO_PIC = NO;
				GCC_NO_COMMON_BLOCKS = YES;
				GCC_OPTIMIZATION_LEVEL = 0;
				GCC_PREPROCESSOR_DEFINITIONS = (
					"DEBUG=1",
					"$(inherited)",
				);
				GCC_WARN_64_TO_32_BIT_CONVERSION = YES;
				GCC_WARN_ABOUT_RETURN_TYPE = YES_ERROR;
				GCC_WARN_UNDECLARED_SELECTOR = YES;
				GCC_WARN_UNINITIALIZED_AUTOS = YES_AGGRESSIVE;
				GCC_WARN_UNUSED_FUNCTION = YES;
				GCC_WARN_UNUSED_VARIABLE = YES;
				IPHONEOS_DEPLOYMENT_TARGET = 16.2;
				MTL_ENABLE_DEBUG_INFO = INCLUDE_SOURCE;
				MTL_FAST_MATH = YES;
				ONLY_ACTIVE_ARCH = YES;
				SDKROOT = iphoneos;
				SWIFT_ACTIVE_COMPILATION_CONDITIONS = DEBUG;
				SWIFT_OPTIMIZATION_LEVEL = "-Onone";
			};
			name = Debug;
		};
		97006D8329A7CDD400C69853 /* Release */ = {
			isa = XCBuildConfiguration;
			buildSettings = {
				ALWAYS_SEARCH_USER_PATHS = NO;
				CLANG_ANALYZER_NONNULL = YES;
				CLANG_ANALYZER_NUMBER_OBJECT_CONVERSION = YES_AGGRESSIVE;
				CLANG_CXX_LANGUAGE_STANDARD = "gnu++20";
				CLANG_ENABLE_MODULES = YES;
				CLANG_ENABLE_OBJC_ARC = YES;
				CLANG_ENABLE_OBJC_WEAK = YES;
				CLANG_WARN_BLOCK_CAPTURE_AUTORELEASING = YES;
				CLANG_WARN_BOOL_CONVERSION = YES;
				CLANG_WARN_COMMA = YES;
				CLANG_WARN_CONSTANT_CONVERSION = YES;
				CLANG_WARN_DEPRECATED_OBJC_IMPLEMENTATIONS = YES;
				CLANG_WARN_DIRECT_OBJC_ISA_USAGE = YES_ERROR;
				CLANG_WARN_DOCUMENTATION_COMMENTS = YES;
				CLANG_WARN_EMPTY_BODY = YES;
				CLANG_WARN_ENUM_CONVERSION = YES;
				CLANG_WARN_INFINITE_RECURSION = YES;
				CLANG_WARN_INT_CONVERSION = YES;
				CLANG_WARN_NON_LITERAL_NULL_CONVERSION = YES;
				CLANG_WARN_OBJC_IMPLICIT_RETAIN_SELF = YES;
				CLANG_WARN_OBJC_LITERAL_CONVERSION = YES;
				CLANG_WARN_OBJC_ROOT_CLASS = YES_ERROR;
				CLANG_WARN_QUOTED_INCLUDE_IN_FRAMEWORK_HEADER = YES;
				CLANG_WARN_RANGE_LOOP_ANALYSIS = YES;
				CLANG_WARN_STRICT_PROTOTYPES = YES;
				CLANG_WARN_SUSPICIOUS_MOVE = YES;
				CLANG_WARN_UNGUARDED_AVAILABILITY = YES_AGGRESSIVE;
				CLANG_WARN_UNREACHABLE_CODE = YES;
				CLANG_WARN__DUPLICATE_METHOD_MATCH = YES;
				COPY_PHASE_STRIP = NO;
				DEBUG_INFORMATION_FORMAT = "dwarf-with-dsym";
				ENABLE_NS_ASSERTIONS = NO;
				ENABLE_STRICT_OBJC_MSGSEND = YES;
				GCC_C_LANGUAGE_STANDARD = gnu11;
				GCC_NO_COMMON_BLOCKS = YES;
				GCC_WARN_64_TO_32_BIT_CONVERSION = YES;
				GCC_WARN_ABOUT_RETURN_TYPE = YES_ERROR;
				GCC_WARN_UNDECLARED_SELECTOR = YES;
				GCC_WARN_UNINITIALIZED_AUTOS = YES_AGGRESSIVE;
				GCC_WARN_UNUSED_FUNCTION = YES;
				GCC_WARN_UNUSED_VARIABLE = YES;
				IPHONEOS_DEPLOYMENT_TARGET = 16.2;
				MTL_ENABLE_DEBUG_INFO = NO;
				MTL_FAST_MATH = YES;
				SDKROOT = iphoneos;
				SWIFT_COMPILATION_MODE = wholemodule;
				SWIFT_OPTIMIZATION_LEVEL = "-O";
				VALIDATE_PRODUCT = YES;
			};
			name = Release;
		};
		97006D8529A7CDD400C69853 /* Debug */ = {
			isa = XCBuildConfiguration;
			buildSettings = {
				ASSETCATALOG_COMPILER_APPICON_NAME = AppIcon;
				ASSETCATALOG_COMPILER_GLOBAL_ACCENT_COLOR_NAME = AccentColor;
				CODE_SIGN_STYLE = Automatic;
				CURRENT_PROJECT_VERSION = 1;
				DEVELOPMENT_ASSET_PATHS = "\"RocketLaunches/Preview Content\"";
				DEVELOPMENT_TEAM = 42222C69X5;
				ENABLE_PREVIEWS = YES;
				GENERATE_INFOPLIST_FILE = YES;
				INFOPLIST_KEY_UIApplicationSceneManifest_Generation = YES;
				INFOPLIST_KEY_UIApplicationSupportsIndirectInputEvents = YES;
				INFOPLIST_KEY_UILaunchScreen_Generation = YES;
				INFOPLIST_KEY_UISupportedInterfaceOrientations_iPad = "UIInterfaceOrientationPortrait UIInterfaceOrientationPortraitUpsideDown UIInterfaceOrientationLandscapeLeft UIInterfaceOrientationLandscapeRight";
				INFOPLIST_KEY_UISupportedInterfaceOrientations_iPhone = "UIInterfaceOrientationPortrait UIInterfaceOrientationLandscapeLeft UIInterfaceOrientationLandscapeRight";
				LD_RUNPATH_SEARCH_PATHS = (
					"$(inherited)",
					"@executable_path/Frameworks",
				);
				MARKETING_VERSION = 1.0;
				PRODUCT_BUNDLE_IDENTIFIER = com.nuvoair.RocketLaunches;
				PRODUCT_NAME = "$(TARGET_NAME)";
				SUPPORTED_PLATFORMS = "iphoneos iphonesimulator";
				SUPPORTS_MACCATALYST = NO;
				SUPPORTS_MAC_DESIGNED_FOR_IPHONE_IPAD = NO;
				SWIFT_EMIT_LOC_STRINGS = YES;
				SWIFT_VERSION = 5.0;
				TARGETED_DEVICE_FAMILY = "1,2";
			};
			name = Debug;
		};
		97006D8629A7CDD400C69853 /* Release */ = {
			isa = XCBuildConfiguration;
			buildSettings = {
				ASSETCATALOG_COMPILER_APPICON_NAME = AppIcon;
				ASSETCATALOG_COMPILER_GLOBAL_ACCENT_COLOR_NAME = AccentColor;
				CODE_SIGN_STYLE = Automatic;
				CURRENT_PROJECT_VERSION = 1;
				DEVELOPMENT_ASSET_PATHS = "\"RocketLaunches/Preview Content\"";
				DEVELOPMENT_TEAM = 42222C69X5;
				ENABLE_PREVIEWS = YES;
				GENERATE_INFOPLIST_FILE = YES;
				INFOPLIST_KEY_UIApplicationSceneManifest_Generation = YES;
				INFOPLIST_KEY_UIApplicationSupportsIndirectInputEvents = YES;
				INFOPLIST_KEY_UILaunchScreen_Generation = YES;
				INFOPLIST_KEY_UISupportedInterfaceOrientations_iPad = "UIInterfaceOrientationPortrait UIInterfaceOrientationPortraitUpsideDown UIInterfaceOrientationLandscapeLeft UIInterfaceOrientationLandscapeRight";
				INFOPLIST_KEY_UISupportedInterfaceOrientations_iPhone = "UIInterfaceOrientationPortrait UIInterfaceOrientationLandscapeLeft UIInterfaceOrientationLandscapeRight";
				LD_RUNPATH_SEARCH_PATHS = (
					"$(inherited)",
					"@executable_path/Frameworks",
				);
				MARKETING_VERSION = 1.0;
				PRODUCT_BUNDLE_IDENTIFIER = com.nuvoair.RocketLaunches;
				PRODUCT_NAME = "$(TARGET_NAME)";
				SUPPORTED_PLATFORMS = "iphoneos iphonesimulator";
				SUPPORTS_MACCATALYST = NO;
				SUPPORTS_MAC_DESIGNED_FOR_IPHONE_IPAD = NO;
				SWIFT_EMIT_LOC_STRINGS = YES;
				SWIFT_VERSION = 5.0;
				TARGETED_DEVICE_FAMILY = "1,2";
			};
			name = Release;
		};
		97006D8829A7CDD400C69853 /* Debug */ = {
			isa = XCBuildConfiguration;
			buildSettings = {
				ALWAYS_EMBED_SWIFT_STANDARD_LIBRARIES = YES;
				BUNDLE_LOADER = "$(TEST_HOST)";
				CODE_SIGN_STYLE = Automatic;
				CURRENT_PROJECT_VERSION = 1;
				DEVELOPMENT_TEAM = 42222C69X5;
				GENERATE_INFOPLIST_FILE = YES;
				IPHONEOS_DEPLOYMENT_TARGET = 16.2;
				MARKETING_VERSION = 1.0;
				PRODUCT_BUNDLE_IDENTIFIER = com.nuvoair.RocketLaunchesTests;
				PRODUCT_NAME = "$(TARGET_NAME)";
				SWIFT_EMIT_LOC_STRINGS = NO;
				SWIFT_VERSION = 5.0;
				TARGETED_DEVICE_FAMILY = "1,2";
				TEST_HOST = "$(BUILT_PRODUCTS_DIR)/RocketLaunches.app/$(BUNDLE_EXECUTABLE_FOLDER_PATH)/RocketLaunches";
			};
			name = Debug;
		};
		97006D8929A7CDD400C69853 /* Release */ = {
			isa = XCBuildConfiguration;
			buildSettings = {
				ALWAYS_EMBED_SWIFT_STANDARD_LIBRARIES = YES;
				BUNDLE_LOADER = "$(TEST_HOST)";
				CODE_SIGN_STYLE = Automatic;
				CURRENT_PROJECT_VERSION = 1;
				DEVELOPMENT_TEAM = 42222C69X5;
				GENERATE_INFOPLIST_FILE = YES;
				IPHONEOS_DEPLOYMENT_TARGET = 16.2;
				MARKETING_VERSION = 1.0;
				PRODUCT_BUNDLE_IDENTIFIER = com.nuvoair.RocketLaunchesTests;
				PRODUCT_NAME = "$(TARGET_NAME)";
				SWIFT_EMIT_LOC_STRINGS = NO;
				SWIFT_VERSION = 5.0;
				TARGETED_DEVICE_FAMILY = "1,2";
				TEST_HOST = "$(BUILT_PRODUCTS_DIR)/RocketLaunches.app/$(BUNDLE_EXECUTABLE_FOLDER_PATH)/RocketLaunches";
			};
			name = Release;
		};
		97006D8B29A7CDD400C69853 /* Debug */ = {
			isa = XCBuildConfiguration;
			buildSettings = {
				ALWAYS_EMBED_SWIFT_STANDARD_LIBRARIES = YES;
				CODE_SIGN_STYLE = Automatic;
				CURRENT_PROJECT_VERSION = 1;
				DEVELOPMENT_TEAM = 42222C69X5;
				GENERATE_INFOPLIST_FILE = YES;
				MARKETING_VERSION = 1.0;
				PRODUCT_BUNDLE_IDENTIFIER = com.nuvoair.RocketLaunchesUITests;
				PRODUCT_NAME = "$(TARGET_NAME)";
				SWIFT_EMIT_LOC_STRINGS = NO;
				SWIFT_VERSION = 5.0;
				TARGETED_DEVICE_FAMILY = "1,2";
				TEST_TARGET_NAME = RocketLaunches;
			};
			name = Debug;
		};
		97006D8C29A7CDD400C69853 /* Release */ = {
			isa = XCBuildConfiguration;
			buildSettings = {
				ALWAYS_EMBED_SWIFT_STANDARD_LIBRARIES = YES;
				CODE_SIGN_STYLE = Automatic;
				CURRENT_PROJECT_VERSION = 1;
				DEVELOPMENT_TEAM = 42222C69X5;
				GENERATE_INFOPLIST_FILE = YES;
				MARKETING_VERSION = 1.0;
				PRODUCT_BUNDLE_IDENTIFIER = com.nuvoair.RocketLaunchesUITests;
				PRODUCT_NAME = "$(TARGET_NAME)";
				SWIFT_EMIT_LOC_STRINGS = NO;
				SWIFT_VERSION = 5.0;
				TARGETED_DEVICE_FAMILY = "1,2";
				TEST_TARGET_NAME = RocketLaunches;
			};
			name = Release;
		};
/* End XCBuildConfiguration section */

/* Begin XCConfigurationList section */
		97006D5B29A7CDD300C69853 /* Build configuration list for PBXProject "RocketLaunches" */ = {
			isa = XCConfigurationList;
			buildConfigurations = (
				97006D8229A7CDD400C69853 /* Debug */,
				97006D8329A7CDD400C69853 /* Release */,
			);
			defaultConfigurationIsVisible = 0;
			defaultConfigurationName = Release;
		};
		97006D8429A7CDD400C69853 /* Build configuration list for PBXNativeTarget "RocketLaunches" */ = {
			isa = XCConfigurationList;
			buildConfigurations = (
				97006D8529A7CDD400C69853 /* Debug */,
				97006D8629A7CDD400C69853 /* Release */,
			);
			defaultConfigurationIsVisible = 0;
			defaultConfigurationName = Release;
		};
		97006D8729A7CDD400C69853 /* Build configuration list for PBXNativeTarget "RocketLaunchesTests" */ = {
			isa = XCConfigurationList;
			buildConfigurations = (
				97006D8829A7CDD400C69853 /* Debug */,
				97006D8929A7CDD400C69853 /* Release */,
			);
			defaultConfigurationIsVisible = 0;
			defaultConfigurationName = Release;
		};
		97006D8A29A7CDD400C69853 /* Build configuration list for PBXNativeTarget "RocketLaunchesUITests" */ = {
			isa = XCConfigurationList;
			buildConfigurations = (
				97006D8B29A7CDD400C69853 /* Debug */,
				97006D8C29A7CDD400C69853 /* Release */,
			);
			defaultConfigurationIsVisible = 0;
			defaultConfigurationName = Release;
		};
/* End XCConfigurationList section */

/* Begin XCSwiftPackageProductDependency section */
		3552512E29A7FA8200172BDF /* LaunchKitUI */ = {
			isa = XCSwiftPackageProductDependency;
			productName = LaunchKitUI;
		};
		97006D8F29A7CE1600C69853 /* LaunchKit */ = {
			isa = XCSwiftPackageProductDependency;
			productName = LaunchKit;
		};
/* End XCSwiftPackageProductDependency section */
	};
	rootObject = 97006D5829A7CDD300C69853 /* Project object */;
}
